
Microsoft Visual Studio Solution File, Format Version 12.00
# Visual Studio Version 16
VisualStudioVersion = 16.0.30523.141
MinimumVisualStudioVersion = 10.0.40219.1
Project("{FAE04EC0-301F-11D3-BF4B-00C04F79EFBC}") = "PedidosRestauranteC", "PedidosRestauranteC.csproj", "{2467C1D8-8559-4291-9253-BB58BE26ACAC}"
EndProject
Global
	GlobalSection(SolutionConfigurationPlatforms) = preSolution
		Debug|Any CPU = Debug|Any CPU
		Release|Any CPU = Release|Any CPU
	EndGlobalSection
	GlobalSection(ProjectConfigurationPlatforms) = postSolution
		{2467C1D8-8559-4291-9253-BB58BE26ACAC}.Debug|Any CPU.ActiveCfg = Debug|Any CPU
		{2467C1D8-8559-4291-9253-BB58BE26ACAC}.Debug|Any CPU.Build.0 = Debug|Any CPU
		{2467C1D8-8559-4291-9253-BB58BE26ACAC}.Release|Any CPU.ActiveCfg = Release|Any CPU
		{2467C1D8-8559-4291-9253-BB58BE26ACAC}.Release|Any CPU.Build.0 = Release|Any CPU
	EndGlobalSection
	GlobalSection(SolutionProperties) = preSolution
		HideSolutionNode = FALSE
	EndGlobalSection
	GlobalSection(ExtensibilityGlobals) = postSolution
		SolutionGuid = {440E39E5-332B-40D8-ACA0-853BB8355953}
	EndGlobalSection
EndGlobal
